// !$*UTF8*$!
{
	archiveVersion = 1;
	classes = {
	};
	objectVersion = 46;
	objects = {

/* Begin PBXBuildFile section */
		B71071121DACA5C200D43B25 /* AppDelegate.swift in Sources */ = {isa = PBXBuildFile; fileRef = B71071111DACA5C200D43B25 /* AppDelegate.swift */; };
		B71071171DACA5C200D43B25 /* Main.storyboard in Resources */ = {isa = PBXBuildFile; fileRef = B71071151DACA5C200D43B25 /* Main.storyboard */; };
		B71071191DACA5C200D43B25 /* Assets.xcassets in Resources */ = {isa = PBXBuildFile; fileRef = B71071181DACA5C200D43B25 /* Assets.xcassets */; };
		B710711C1DACA5C200D43B25 /* LaunchScreen.storyboard in Resources */ = {isa = PBXBuildFile; fileRef = B710711A1DACA5C200D43B25 /* LaunchScreen.storyboard */; };
		B71071241DACA63B00D43B25 /* MoviesViewController.swift in Sources */ = {isa = PBXBuildFile; fileRef = B71071231DACA63B00D43B25 /* MoviesViewController.swift */; };
		B71071271DACAE9500D43B25 /* MovieCell.swift in Sources */ = {isa = PBXBuildFile; fileRef = B71071261DACAE9500D43B25 /* MovieCell.swift */; };
/* End PBXBuildFile section */

/* Begin PBXFileReference section */
		B710710E1DACA5C200D43B25 /* MovieViewer.app */ = {isa = PBXFileReference; explicitFileType = wrapper.application; includeInIndex = 0; path = MovieViewer.app; sourceTree = BUILT_PRODUCTS_DIR; };
		B71071111DACA5C200D43B25 /* AppDelegate.swift */ = {isa = PBXFileReference; lastKnownFileType = sourcecode.swift; path = AppDelegate.swift; sourceTree = "<group>"; };
		B71071161DACA5C200D43B25 /* Base */ = {isa = PBXFileReference; lastKnownFileType = file.storyboard; name = Base; path = Base.lproj/Main.storyboard; sourceTree = "<group>"; };
		B71071181DACA5C200D43B25 /* Assets.xcassets */ = {isa = PBXFileReference; lastKnownFileType = folder.assetcatalog; path = Assets.xcassets; sourceTree = "<group>"; };
		B710711B1DACA5C200D43B25 /* Base */ = {isa = PBXFileReference; lastKnownFileType = file.storyboard; name = Base; path = Base.lproj/LaunchScreen.storyboard; sourceTree = "<group>"; };
		B710711D1DACA5C200D43B25 /* Info.plist */ = {isa = PBXFileReference; lastKnownFileType = text.plist.xml; path = Info.plist; sourceTree = "<group>"; };
		B71071231DACA63B00D43B25 /* MoviesViewController.swift */ = {isa = PBXFileReference; fileEncoding = 4; lastKnownFileType = sourcecode.swift; path = MoviesViewController.swift; sourceTree = "<group>"; };
		B71071261DACAE9500D43B25 /* MovieCell.swift */ = {isa = PBXFileReference; fileEncoding = 4; lastKnownFileType = sourcecode.swift; path = MovieCell.swift; sourceTree = "<group>"; };
/* End PBXFileReference section */

/* Begin PBXFrameworksBuildPhase section */
		B710710B1DACA5C200D43B25 /* Frameworks */ = {
			isa = PBXFrameworksBuildPhase;
			buildActionMask = 2147483647;
			files = (
			);
			runOnlyForDeploymentPostprocessing = 0;
		};
/* End PBXFrameworksBuildPhase section */

/* Begin PBXGroup section */
		B71071051DACA5C200D43B25 = {
			isa = PBXGroup;
			children = (
				B71071101DACA5C200D43B25 /* MovieViewer */,
				B710710F1DACA5C200D43B25 /* Products */,
			);
			sourceTree = "<group>";
		};
		B710710F1DACA5C200D43B25 /* Products */ = {
			isa = PBXGroup;
			children = (
				B710710E1DACA5C200D43B25 /* MovieViewer.app */,
			);
			name = Products;
			sourceTree = "<group>";
		};
		B71071101DACA5C200D43B25 /* MovieViewer */ = {
			isa = PBXGroup;
			children = (
				B71071281DACAE9D00D43B25 /* View controllers */,
				B71071251DACAE7400D43B25 /* Views */,
				B71071111DACA5C200D43B25 /* AppDelegate.swift */,
				B71071151DACA5C200D43B25 /* Main.storyboard */,
				B71071181DACA5C200D43B25 /* Assets.xcassets */,
				B710711A1DACA5C200D43B25 /* LaunchScreen.storyboard */,
				B710711D1DACA5C200D43B25 /* Info.plist */,
			);
			path = MovieViewer;
			sourceTree = "<group>";
		};
		B71071251DACAE7400D43B25 /* Views */ = {
			isa = PBXGroup;
			children = (
				B71071261DACAE9500D43B25 /* MovieCell.swift */,
			);
			name = Views;
			sourceTree = "<group>";
		};
		B71071281DACAE9D00D43B25 /* View controllers */ = {
			isa = PBXGroup;
			children = (
				B71071231DACA63B00D43B25 /* MoviesViewController.swift */,
			);
			name = "View controllers";
			sourceTree = "<group>";
		};
/* End PBXGroup section */

/* Begin PBXNativeTarget section */
		B710710D1DACA5C200D43B25 /* MovieViewer */ = {
			isa = PBXNativeTarget;
			buildConfigurationList = B71071201DACA5C200D43B25 /* Build configuration list for PBXNativeTarget "MovieViewer" */;
			buildPhases = (
				B710710A1DACA5C200D43B25 /* Sources */,
				B710710B1DACA5C200D43B25 /* Frameworks */,
				B710710C1DACA5C200D43B25 /* Resources */,
			);
			buildRules = (
			);
			dependencies = (
			);
			name = MovieViewer;
			productName = MovieViewer;
			productReference = B710710E1DACA5C200D43B25 /* MovieViewer.app */;
			productType = "com.apple.product-type.application";
		};
/* End PBXNativeTarget section */

/* Begin PBXProject section */
		B71071061DACA5C200D43B25 /* Project object */ = {
			isa = PBXProject;
			attributes = {
				LastSwiftUpdateCheck = 0730;
				LastUpgradeCheck = 0730;
				ORGANIZATIONNAME = "Rahul Pandey";
				TargetAttributes = {
					B710710D1DACA5C200D43B25 = {
						CreatedOnToolsVersion = 7.3.1;
						DevelopmentTeam = A43AQQ4797;
					};
				};
			};
			buildConfigurationList = B71071091DACA5C200D43B25 /* Build configuration list for PBXProject "MovieViewer" */;
			compatibilityVersion = "Xcode 3.2";
			developmentRegion = English;
			hasScannedForEncodings = 0;
			knownRegions = (
				en,
				Base,
			);
			mainGroup = B71071051DACA5C200D43B25;
			productRefGroup = B710710F1DACA5C200D43B25 /* Products */;
			projectDirPath = "";
			projectRoot = "";
			targets = (
				B710710D1DACA5C200D43B25 /* MovieViewer */,
			);
		};
/* End PBXProject section */

/* Begin PBXResourcesBuildPhase section */
		B710710C1DACA5C200D43B25 /* Resources */ = {
			isa = PBXResourcesBuildPhase;
			buildActionMask = 2147483647;
			files = (
				B710711C1DACA5C200D43B25 /* LaunchScreen.storyboard in Resources */,
				B71071191DACA5C200D43B25 /* Assets.xcassets in Resources */,
				B71071171DACA5C200D43B25 /* Main.storyboard in Resources */,
			);
			runOnlyForDeploymentPostprocessing = 0;
		};
/* End PBXResourcesBuildPhase section */

/* Begin PBXSourcesBuildPhase section */
		B710710A1DACA5C200D43B25 /* Sources */ = {
			isa = PBXSourcesBuildPhase;
			buildActionMask = 2147483647;
			files = (
				B71071121DACA5C200D43B25 /* AppDelegate.swift in Sources */,
				B71071241DACA63B00D43B25 /* MoviesViewController.swift in Sources */,
				B71071271DACAE9500D43B25 /* MovieCell.swift in Sources */,
			);
			runOnlyForDeploymentPostprocessing = 0;
		};
/* End PBXSourcesBuildPhase section */

/* Begin PBXVariantGroup section */
		B71071151DACA5C200D43B25 /* Main.storyboard */ = {
			isa = PBXVariantGroup;
			children = (
				B71071161DACA5C200D43B25 /* Base */,
			);
			name = Main.storyboard;
			sourceTree = "<group>";
		};
		B710711A1DACA5C200D43B25 /* LaunchScreen.storyboard */ = {
			isa = PBXVariantGroup;
			children = (
				B710711B1DACA5C200D43B25 /* Base */,
			);
			name = LaunchScreen.storyboard;
			sourceTree = "<group>";
		};
/* End PBXVariantGroup section */

/* Begin XCBuildConfiguration section */
		B710711E1DACA5C200D43B25 /* Debug */ = {
			isa = XCBuildConfiguration;
			buildSettings = {
				ALWAYS_SEARCH_USER_PATHS = NO;
				CLANG_ANALYZER_NONNULL = YES;
				CLANG_CXX_LANGUAGE_STANDARD = "gnu++0x";
				CLANG_CXX_LIBRARY = "libc++";
				CLANG_ENABLE_MODULES = YES;
				CLANG_ENABLE_OBJC_ARC = YES;
				CLANG_WARN_BOOL_CONVERSION = YES;
				CLANG_WARN_CONSTANT_CONVERSION = YES;
				CLANG_WARN_DIRECT_OBJC_ISA_USAGE = YES_ERROR;
				CLANG_WARN_EMPTY_BODY = YES;
				CLANG_WARN_ENUM_CONVERSION = YES;
				CLANG_WARN_INT_CONVERSION = YES;
				CLANG_WARN_OBJC_ROOT_CLASS = YES_ERROR;
				CLANG_WARN_UNREACHABLE_CODE = YES;
				CLANG_WARN__DUPLICATE_METHOD_MATCH = YES;
				"CODE_SIGN_IDENTITY[sdk=iphoneos*]" = "iPhone Developer";
				COPY_PHASE_STRIP = NO;
				DEBUG_INFORMATION_FORMAT = dwarf;
				ENABLE_STRICT_OBJC_MSGSEND = YES;
				ENABLE_TESTABILITY = YES;
				GCC_C_LANGUAGE_STANDARD = gnu99;
				GCC_DYNAMIC_NO_PIC = NO;
				GCC_NO_COMMON_BLOCKS = YES;
				GCC_OPTIMIZATION_LEVEL = 0;
				GCC_PREPROCESSOR_DEFINITIONS = (
					"DEBUG=1",
					"$(inherited)",
				);
				GCC_WARN_64_TO_32_BIT_CONVERSION = YES;
				GCC_WARN_ABOUT_RETURN_TYPE = YES_ERROR;
				GCC_WARN_UNDECLARED_SELECTOR = YES;
				GCC_WARN_UNINITIALIZED_AUTOS = YES_AGGRESSIVE;
				GCC_WARN_UNUSED_FUNCTION = YES;
				GCC_WARN_UNUSED_VARIABLE = YES;
				IPHONEOS_DEPLOYMENT_TARGET = 9.3;
				MTL_ENABLE_DEBUG_INFO = YES;
				ONLY_ACTIVE_ARCH = YES;
				SDKROOT = iphoneos;
				SWIFT_OPTIMIZATION_LEVEL = "-Onone";
			};
			name = Debug;
		};
		B710711F1DACA5C200D43B25 /* Release */ = {
			isa = XCBuildConfiguration;
			buildSettings = {
				ALWAYS_SEARCH_USER_PATHS = NO;
				CLANG_ANALYZER_NONNULL = YES;
				CLANG_CXX_LANGUAGE_STANDARD = "gnu++0x";
				CLANG_CXX_LIBRARY = "libc++";
				CLANG_ENABLE_MODULES = YES;
				CLANG_ENABLE_OBJC_ARC = YES;
				CLANG_WARN_BOOL_CONVERSION = YES;
				CLANG_WARN_CONSTANT_CONVERSION = YES;
				CLANG_WARN_DIRECT_OBJC_ISA_USAGE = YES_ERROR;
				CLANG_WARN_EMPTY_BODY = YES;
				CLANG_WARN_ENUM_CONVERSION = YES;
				CLANG_WARN_INT_CONVERSION = YES;
				CLANG_WARN_OBJC_ROOT_CLASS = YES_ERROR;
				CLANG_WARN_UNREACHABLE_CODE = YES;
				CLANG_WARN__DUPLICATE_METHOD_MATCH = YES;
				"CODE_SIGN_IDENTITY[sdk=iphoneos*]" = "iPhone Developer";
				COPY_PHASE_STRIP = NO;
				DEBUG_INFORMATION_FORMAT = "dwarf-with-dsym";
				ENABLE_NS_ASSERTIONS = NO;
				ENABLE_STRICT_OBJC_MSGSEND = YES;
				GCC_C_LANGUAGE_STANDARD = gnu99;
				GCC_NO_COMMON_BLOCKS = YES;
				GCC_WARN_64_TO_32_BIT_CONVERSION = YES;
				GCC_WARN_ABOUT_RETURN_TYPE = YES_ERROR;
				GCC_WARN_UNDECLARED_SELECTOR = YES;
				GCC_WARN_UNINITIALIZED_AUTOS = YES_AGGRESSIVE;
				GCC_WARN_UNUSED_FUNCTION = YES;
				GCC_WARN_UNUSED_VARIABLE = YES;
				IPHONEOS_DEPLOYMENT_TARGET = 9.3;
				MTL_ENABLE_DEBUG_INFO = NO;
				SDKROOT = iphoneos;
				VALIDATE_PRODUCT = YES;
			};
			name = Release;
		};
		B71071211DACA5C200D43B25 /* Debug */ = {
			isa = XCBuildConfiguration;
			buildSettings = {
				ASSETCATALOG_COMPILER_APPICON_NAME = AppIcon;
				INFOPLIST_FILE = MovieViewer/Info.plist;
				LD_RUNPATH_SEARCH_PATHS = "$(inherited) @executable_path/Frameworks";
				PRODUCT_BUNDLE_IDENTIFIER = com.rkpandey.MovieViewer;
				PRODUCT_NAME = "$(TARGET_NAME)";
			};
			name = Debug;
		};
		B71071221DACA5C200D43B25 /* Release */ = {
			isa = XCBuildConfiguration;
			buildSettings = {
				ASSETCATALOG_COMPILER_APPICON_NAME = AppIcon;
				INFOPLIST_FILE = MovieViewer/Info.plist;
				LD_RUNPATH_SEARCH_PATHS = "$(inherited) @executable_path/Frameworks";
				PRODUCT_BUNDLE_IDENTIFIER = com.rkpandey.MovieViewer;
				PRODUCT_NAME = "$(TARGET_NAME)";
			};
			name = Release;
		};
/* End XCBuildConfiguration section */

/* Begin XCConfigurationList section */
		B71071091DACA5C200D43B25 /* Build configuration list for PBXProject "MovieViewer" */ = {
			isa = XCConfigurationList;
			buildConfigurations = (
				B710711E1DACA5C200D43B25 /* Debug */,
				B710711F1DACA5C200D43B25 /* Release */,
			);
			defaultConfigurationIsVisible = 0;
			defaultConfigurationName = Release;
		};
		B71071201DACA5C200D43B25 /* Build configuration list for PBXNativeTarget "MovieViewer" */ = {
			isa = XCConfigurationList;
			buildConfigurations = (
				B71071211DACA5C200D43B25 /* Debug */,
				B71071221DACA5C200D43B25 /* Release */,
			);
			defaultConfigurationIsVisible = 0;
		};
/* End XCConfigurationList section */
	};
	rootObject = B71071061DACA5C200D43B25 /* Project object */;
}
